{
    "version": 3,
    "terraform_version": "0.11.13",
    "serial": 6,
    "lineage": "ac98fe1e-b175-ca00-2ac4-56f6382ea1f3",
    "modules": [
        {
            "path": [
                "root"
            ],
            "outputs": {},
            "resources": {
                "docker_container.container_id": {
                    "type": "docker_container",
                    "depends_on": [
                        "docker_image.image_id"
                    ],
                    "primary": {
                        "id": "56188470adb101ed96e372f86e31671d93cb3813b256dbd693290a7f87fab66e",
                        "attributes": {
                            "attach": "false",
                            "bridge": "",
                            "gateway": "172.17.0.1",
                            "id": "56188470adb101ed96e372f86e31671d93cb3813b256dbd693290a7f87fab66e",
                            "image": "sha256:c7a6f4480e859c172df8300640ce90f8fbafa5f10e3f78d7d5393533a7921581",
                            "ip_address": "172.17.0.2",
                            "ip_prefix_length": "16",
                            "log_driver": "json-file",
                            "logs": "false",
                            "must_run": "true",
                            "name": "ghost_blog",
                            "network_data.#": "1",
                            "network_data.0.gateway": "172.17.0.1",
                            "network_data.0.ip_address": "172.17.0.2",
                            "network_data.0.ip_prefix_length": "16",
                            "network_data.0.network_name": "bridge",
                            "ports.#": "1",
                            "ports.0.external": "80",
                            "ports.0.internal": "2368",
                            "ports.0.ip": "0.0.0.0",
                            "ports.0.protocol": "tcp",
                            "restart": "no",
                            "rm": "false",
                            "start": "true"
                        },
                        "meta": {
                            "schema_version": "1"
                        },
                        "tainted": false
                    },
                    "deposed": [],
                    "provider": "provider.docker"
                },
                "docker_image.image_id": {
                    "type": "docker_image",
                    "depends_on": [],
                    "primary": {
                        "id": "sha256:ac66b300bad14d73470d9f1d3c084bdb0108b9e11c86baa6a77765e979d4e7f8ghost:latest",
                        "attributes": {
                            "id": "sha256:ac66b300bad14d73470d9f1d3c084bdb0108b9e11c86baa6a77765e979d4e7f8ghost:latest",
                            "latest": "sha256:c7a6f4480e859c172df8300640ce90f8fbafa5f10e3f78d7d5393533a7921581",
                            "name": "ghost:alpine"
                        },
                        "meta": {},
                        "tainted": false
                    },
                    "deposed": [],
                    "provider": "provider.docker"
                }
            },
            "depends_on": []
        }
    ]
}
