{
    "version": 3,
    "terraform_version": "0.11.13",
    "serial": 5,
    "lineage": "550abbf3-f5c5-1fec-54a9-9d0b7adaf8f4",
    "modules": [
        {
            "path": [
                "root"
            ],
            "outputs": {
                "container_name": {
                    "sensitive": false,
                    "type": "string",
                    "value": "blog_dev"
                },
                "ip_address": {
                    "sensitive": false,
                    "type": "string",
                    "value": "172.17.0.2"
                }
            },
            "resources": {
                "docker_container.container_id": {
                    "type": "docker_container",
                    "depends_on": [
                        "docker_image.image_id"
                    ],
                    "primary": {
                        "id": "1437b3fa08992718822730db839da68d43c0b52daf065d0931afae4e74afc61a",
                        "attributes": {
                            "attach": "false",
                            "bridge": "",
                            "gateway": "172.17.0.1",
                            "id": "1437b3fa08992718822730db839da68d43c0b52daf065d0931afae4e74afc61a",
                            "image": "sha256:ac66b300bad14d73470d9f1d3c084bdb0108b9e11c86baa6a77765e979d4e7f8",
                            "ip_address": "172.17.0.2",
                            "ip_prefix_length": "16",
                            "log_driver": "json-file",
                            "logs": "false",
                            "must_run": "true",
                            "name": "blog_dev",
                            "network_data.#": "1",
                            "network_data.0.gateway": "172.17.0.1",
                            "network_data.0.ip_address": "172.17.0.2",
                            "network_data.0.ip_prefix_length": "16",
                            "network_data.0.network_name": "bridge",
                            "ports.#": "1",
                            "ports.0.external": "8081",
                            "ports.0.internal": "2368",
                            "ports.0.ip": "0.0.0.0",
                            "ports.0.protocol": "tcp",
                            "restart": "no",
                            "rm": "false",
                            "start": "true"
                        },
                        "meta": {
                            "schema_version": "1"
                        },
                        "tainted": false
                    },
                    "deposed": [],
                    "provider": "provider.docker"
                },
                "docker_image.image_id": {
                    "type": "docker_image",
                    "depends_on": [],
                    "primary": {
                        "id": "sha256:ac66b300bad14d73470d9f1d3c084bdb0108b9e11c86baa6a77765e979d4e7f8ghost:latest",
                        "attributes": {
                            "id": "sha256:ac66b300bad14d73470d9f1d3c084bdb0108b9e11c86baa6a77765e979d4e7f8ghost:latest",
                            "latest": "sha256:ac66b300bad14d73470d9f1d3c084bdb0108b9e11c86baa6a77765e979d4e7f8",
                            "name": "ghost:latest"
                        },
                        "meta": {},
                        "tainted": false
                    },
                    "deposed": [],
                    "provider": "provider.docker"
                },
                "null_resource.null_id": {
                    "type": "null_resource",
                    "depends_on": [
                        "docker_container.container_id"
                    ],
                    "primary": {
                        "id": "8220902528166973568",
                        "attributes": {
                            "id": "8220902528166973568"
                        },
                        "meta": {},
                        "tainted": false
                    },
                    "deposed": [],
                    "provider": "provider.null"
                }
            },
            "depends_on": []
        }
    ]
}
